// !$*UTF8*$!
{
	archiveVersion = 1;
	classes = {
	};
	objectVersion = 46;
	objects = {

/* Begin PBXBuildFile section */
		02813B146BA5D6BD50487CFE /* Pods_Realm_Tutorial.framework in Frameworks */ = {isa = PBXBuildFile; fileRef = 91066978D294516FBC6A9291 /* Pods_Realm_Tutorial.framework */; settings = {ATTRIBUTES = (Weak, ); }; };
		5B1B3D961B82453E009E441D /* ToDoItem.swift in Sources */ = {isa = PBXBuildFile; fileRef = 5B1B3D951B82453E009E441D /* ToDoItem.swift */; };
		5B1B3D981B8248CA009E441D /* AddViewController.swift in Sources */ = {isa = PBXBuildFile; fileRef = 5B1B3D971B8248CA009E441D /* AddViewController.swift */; };
		5B7B99E01B8240D000AEE8A8 /* AppDelegate.swift in Sources */ = {isa = PBXBuildFile; fileRef = 5B7B99DF1B8240D000AEE8A8 /* AppDelegate.swift */; };
		5B7B99E21B8240D000AEE8A8 /* ViewController.swift in Sources */ = {isa = PBXBuildFile; fileRef = 5B7B99E11B8240D000AEE8A8 /* ViewController.swift */; };
		5B7B99E71B8240D000AEE8A8 /* Images.xcassets in Resources */ = {isa = PBXBuildFile; fileRef = 5B7B99E61B8240D000AEE8A8 /* Images.xcassets */; };
		5B7B99EA1B8240D000AEE8A8 /* LaunchScreen.xib in Resources */ = {isa = PBXBuildFile; fileRef = 5B7B99E81B8240D000AEE8A8 /* LaunchScreen.xib */; };
		5B7B99F61B8240D100AEE8A8 /* Realm_TutorialTests.swift in Sources */ = {isa = PBXBuildFile; fileRef = 5B7B99F51B8240D100AEE8A8 /* Realm_TutorialTests.swift */; };
/* End PBXBuildFile section */

/* Begin PBXContainerItemProxy section */
		5B7B99F01B8240D100AEE8A8 /* PBXContainerItemProxy */ = {
			isa = PBXContainerItemProxy;
			containerPortal = 5B7B99D21B8240D000AEE8A8 /* Project object */;
			proxyType = 1;
			remoteGlobalIDString = 5B7B99D91B8240D000AEE8A8;
			remoteInfo = "Realm-Tutorial";
		};
/* End PBXContainerItemProxy section */

/* Begin PBXFileReference section */
		42A39D1AC3DFA54C0AB4EAB3 /* Pods-Realm-Tutorial.debug.xcconfig */ = {isa = PBXFileReference; includeInIndex = 1; lastKnownFileType = text.xcconfig; name = "Pods-Realm-Tutorial.debug.xcconfig"; path = "Pods/Target Support Files/Pods-Realm-Tutorial/Pods-Realm-Tutorial.debug.xcconfig"; sourceTree = "<group>"; };
		5B1B3D951B82453E009E441D /* ToDoItem.swift */ = {isa = PBXFileReference; fileEncoding = 4; lastKnownFileType = sourcecode.swift; path = ToDoItem.swift; sourceTree = "<group>"; };
		5B1B3D971B8248CA009E441D /* AddViewController.swift */ = {isa = PBXFileReference; fileEncoding = 4; lastKnownFileType = sourcecode.swift; path = AddViewController.swift; sourceTree = "<group>"; };
		5B7B99DA1B8240D000AEE8A8 /* Realm-Tutorial.app */ = {isa = PBXFileReference; explicitFileType = wrapper.application; includeInIndex = 0; path = "Realm-Tutorial.app"; sourceTree = BUILT_PRODUCTS_DIR; };
		5B7B99DE1B8240D000AEE8A8 /* Info.plist */ = {isa = PBXFileReference; lastKnownFileType = text.plist.xml; path = Info.plist; sourceTree = "<group>"; };
		5B7B99DF1B8240D000AEE8A8 /* AppDelegate.swift */ = {isa = PBXFileReference; lastKnownFileType = sourcecode.swift; path = AppDelegate.swift; sourceTree = "<group>"; };
		5B7B99E11B8240D000AEE8A8 /* ViewController.swift */ = {isa = PBXFileReference; lastKnownFileType = sourcecode.swift; path = ViewController.swift; sourceTree = "<group>"; };
		5B7B99E61B8240D000AEE8A8 /* Images.xcassets */ = {isa = PBXFileReference; lastKnownFileType = folder.assetcatalog; path = Images.xcassets; sourceTree = "<group>"; };
		5B7B99E91B8240D000AEE8A8 /* Base */ = {isa = PBXFileReference; lastKnownFileType = file.xib; name = Base; path = Base.lproj/LaunchScreen.xib; sourceTree = "<group>"; };
		5B7B99EF1B8240D100AEE8A8 /* Realm-TutorialTests.xctest */ = {isa = PBXFileReference; explicitFileType = wrapper.cfbundle; includeInIndex = 0; path = "Realm-TutorialTests.xctest"; sourceTree = BUILT_PRODUCTS_DIR; };
		5B7B99F41B8240D100AEE8A8 /* Info.plist */ = {isa = PBXFileReference; lastKnownFileType = text.plist.xml; path = Info.plist; sourceTree = "<group>"; };
		5B7B99F51B8240D100AEE8A8 /* Realm_TutorialTests.swift */ = {isa = PBXFileReference; lastKnownFileType = sourcecode.swift; path = Realm_TutorialTests.swift; sourceTree = "<group>"; };
		91066978D294516FBC6A9291 /* Pods_Realm_Tutorial.framework */ = {isa = PBXFileReference; explicitFileType = wrapper.framework; includeInIndex = 0; path = Pods_Realm_Tutorial.framework; sourceTree = BUILT_PRODUCTS_DIR; };
		CD795D91916DE73E963D0EDC /* Pods-Realm-Tutorial.release.xcconfig */ = {isa = PBXFileReference; includeInIndex = 1; lastKnownFileType = text.xcconfig; name = "Pods-Realm-Tutorial.release.xcconfig"; path = "Pods/Target Support Files/Pods-Realm-Tutorial/Pods-Realm-Tutorial.release.xcconfig"; sourceTree = "<group>"; };
/* End PBXFileReference section */

/* Begin PBXFrameworksBuildPhase section */
		5B7B99D71B8240D000AEE8A8 /* Frameworks */ = {
			isa = PBXFrameworksBuildPhase;
			buildActionMask = 2147483647;
			files = (
				02813B146BA5D6BD50487CFE /* Pods_Realm_Tutorial.framework in Frameworks */,
			);
			runOnlyForDeploymentPostprocessing = 0;
		};
		5B7B99EC1B8240D100AEE8A8 /* Frameworks */ = {
			isa = PBXFrameworksBuildPhase;
			buildActionMask = 2147483647;
			files = (
			);
			runOnlyForDeploymentPostprocessing = 0;
		};
/* End PBXFrameworksBuildPhase section */

/* Begin PBXGroup section */
		01B762C25DFC740703090026 /* Pods */ = {
			isa = PBXGroup;
			children = (
				42A39D1AC3DFA54C0AB4EAB3 /* Pods-Realm-Tutorial.debug.xcconfig */,
				CD795D91916DE73E963D0EDC /* Pods-Realm-Tutorial.release.xcconfig */,
			);
			name = Pods;
			sourceTree = "<group>";
		};
		2083E295595418EBE0C9D28D /* Frameworks */ = {
			isa = PBXGroup;
			children = (
				91066978D294516FBC6A9291 /* Pods_Realm_Tutorial.framework */,
			);
			name = Frameworks;
			sourceTree = "<group>";
		};
		5B7B99D11B8240D000AEE8A8 = {
			isa = PBXGroup;
			children = (
				5B7B99DC1B8240D000AEE8A8 /* Realm-Tutorial */,
				5B7B99F21B8240D100AEE8A8 /* Realm-TutorialTests */,
				5B7B99DB1B8240D000AEE8A8 /* Products */,
				01B762C25DFC740703090026 /* Pods */,
				2083E295595418EBE0C9D28D /* Frameworks */,
			);
			sourceTree = "<group>";
		};
		5B7B99DB1B8240D000AEE8A8 /* Products */ = {
			isa = PBXGroup;
			children = (
				5B7B99DA1B8240D000AEE8A8 /* Realm-Tutorial.app */,
				5B7B99EF1B8240D100AEE8A8 /* Realm-TutorialTests.xctest */,
			);
			name = Products;
			sourceTree = "<group>";
		};
		5B7B99DC1B8240D000AEE8A8 /* Realm-Tutorial */ = {
			isa = PBXGroup;
			children = (
				5B7B99DF1B8240D000AEE8A8 /* AppDelegate.swift */,
				5B7B99E11B8240D000AEE8A8 /* ViewController.swift */,
				5B7B99E61B8240D000AEE8A8 /* Images.xcassets */,
				5B7B99E81B8240D000AEE8A8 /* LaunchScreen.xib */,
				5B7B99DD1B8240D000AEE8A8 /* Supporting Files */,
				5B1B3D951B82453E009E441D /* ToDoItem.swift */,
				5B1B3D971B8248CA009E441D /* AddViewController.swift */,
			);
			path = "Realm-Tutorial";
			sourceTree = "<group>";
		};
		5B7B99DD1B8240D000AEE8A8 /* Supporting Files */ = {
			isa = PBXGroup;
			children = (
				5B7B99DE1B8240D000AEE8A8 /* Info.plist */,
			);
			name = "Supporting Files";
			sourceTree = "<group>";
		};
		5B7B99F21B8240D100AEE8A8 /* Realm-TutorialTests */ = {
			isa = PBXGroup;
			children = (
				5B7B99F51B8240D100AEE8A8 /* Realm_TutorialTests.swift */,
				5B7B99F31B8240D100AEE8A8 /* Supporting Files */,
			);
			path = "Realm-TutorialTests";
			sourceTree = "<group>";
		};
		5B7B99F31B8240D100AEE8A8 /* Supporting Files */ = {
			isa = PBXGroup;
			children = (
				5B7B99F41B8240D100AEE8A8 /* Info.plist */,
			);
			name = "Supporting Files";
			sourceTree = "<group>";
		};
/* End PBXGroup section */

/* Begin PBXNativeTarget section */
		5B7B99D91B8240D000AEE8A8 /* Realm-Tutorial */ = {
			isa = PBXNativeTarget;
			buildConfigurationList = 5B7B99F91B8240D100AEE8A8 /* Build configuration list for PBXNativeTarget "Realm-Tutorial" */;
			buildPhases = (
				279A2EDC7A425C90CC93A288 /* Check Pods Manifest.lock */,
				5B7B99D61B8240D000AEE8A8 /* Sources */,
				5B7B99D71B8240D000AEE8A8 /* Frameworks */,
				5B7B99D81B8240D000AEE8A8 /* Resources */,
				EE379E5905247E681C96CE02 /* Embed Pods Frameworks */,
				5B49C02B61F7F1FD41AF772A /* Copy Pods Resources */,
			);
			buildRules = (
			);
			dependencies = (
			);
			name = "Realm-Tutorial";
			productName = "Realm-Tutorial";
			productReference = 5B7B99DA1B8240D000AEE8A8 /* Realm-Tutorial.app */;
			productType = "com.apple.product-type.application";
		};
		5B7B99EE1B8240D100AEE8A8 /* Realm-TutorialTests */ = {
			isa = PBXNativeTarget;
			buildConfigurationList = 5B7B99FC1B8240D100AEE8A8 /* Build configuration list for PBXNativeTarget "Realm-TutorialTests" */;
			buildPhases = (
				5B7B99EB1B8240D100AEE8A8 /* Sources */,
				5B7B99EC1B8240D100AEE8A8 /* Frameworks */,
				5B7B99ED1B8240D100AEE8A8 /* Resources */,
			);
			buildRules = (
			);
			dependencies = (
				5B7B99F11B8240D100AEE8A8 /* PBXTargetDependency */,
			);
			name = "Realm-TutorialTests";
			productName = "Realm-TutorialTests";
			productReference = 5B7B99EF1B8240D100AEE8A8 /* Realm-TutorialTests.xctest */;
			productType = "com.apple.product-type.bundle.unit-test";
		};
/* End PBXNativeTarget section */

/* Begin PBXProject section */
		5B7B99D21B8240D000AEE8A8 /* Project object */ = {
			isa = PBXProject;
			attributes = {
				LastUpgradeCheck = 0640;
				ORGANIZATIONNAME = "Damian Esteban";
				TargetAttributes = {
					5B7B99D91B8240D000AEE8A8 = {
						CreatedOnToolsVersion = 6.4;
					};
					5B7B99EE1B8240D100AEE8A8 = {
						CreatedOnToolsVersion = 6.4;
						TestTargetID = 5B7B99D91B8240D000AEE8A8;
					};
				};
			};
			buildConfigurationList = 5B7B99D51B8240D000AEE8A8 /* Build configuration list for PBXProject "Realm-Tutorial" */;
			compatibilityVersion = "Xcode 3.2";
			developmentRegion = English;
			hasScannedForEncodings = 0;
			knownRegions = (
				en,
				Base,
			);
			mainGroup = 5B7B99D11B8240D000AEE8A8;
			productRefGroup = 5B7B99DB1B8240D000AEE8A8 /* Products */;
			projectDirPath = "";
			projectRoot = "";
			targets = (
				5B7B99D91B8240D000AEE8A8 /* Realm-Tutorial */,
				5B7B99EE1B8240D100AEE8A8 /* Realm-TutorialTests */,
			);
		};
/* End PBXProject section */

/* Begin PBXResourcesBuildPhase section */
		5B7B99D81B8240D000AEE8A8 /* Resources */ = {
			isa = PBXResourcesBuildPhase;
			buildActionMask = 2147483647;
			files = (
				5B7B99EA1B8240D000AEE8A8 /* LaunchScreen.xib in Resources */,
				5B7B99E71B8240D000AEE8A8 /* Images.xcassets in Resources */,
			);
			runOnlyForDeploymentPostprocessing = 0;
		};
		5B7B99ED1B8240D100AEE8A8 /* Resources */ = {
			isa = PBXResourcesBuildPhase;
			buildActionMask = 2147483647;
			files = (
			);
			runOnlyForDeploymentPostprocessing = 0;
		};
/* End PBXResourcesBuildPhase section */

/* Begin PBXShellScriptBuildPhase section */
		279A2EDC7A425C90CC93A288 /* Check Pods Manifest.lock */ = {
			isa = PBXShellScriptBuildPhase;
			buildActionMask = 2147483647;
			files = (
			);
			inputPaths = (
			);
			name = "Check Pods Manifest.lock";
			outputPaths = (
			);
			runOnlyForDeploymentPostprocessing = 0;
			shellPath = /bin/sh;
			shellScript = "diff \"${PODS_ROOT}/../Podfile.lock\" \"${PODS_ROOT}/Manifest.lock\" > /dev/null\nif [[ $? != 0 ]] ; then\n    cat << EOM\nerror: The sandbox is not in sync with the Podfile.lock. Run 'pod install' or update your CocoaPods installation.\nEOM\n    exit 1\nfi\n";
			showEnvVarsInLog = 0;
		};
		5B49C02B61F7F1FD41AF772A /* Copy Pods Resources */ = {
			isa = PBXShellScriptBuildPhase;
			buildActionMask = 2147483647;
			files = (
			);
			inputPaths = (
			);
			name = "Copy Pods Resources";
			outputPaths = (
			);
			runOnlyForDeploymentPostprocessing = 0;
			shellPath = /bin/sh;
			shellScript = "\"${SRCROOT}/Pods/Target Support Files/Pods-Realm-Tutorial/Pods-Realm-Tutorial-resources.sh\"\n";
			showEnvVarsInLog = 0;
		};
		EE379E5905247E681C96CE02 /* Embed Pods Frameworks */ = {
			isa = PBXShellScriptBuildPhase;
			buildActionMask = 2147483647;
			files = (
			);
			inputPaths = (
			);
			name = "Embed Pods Frameworks";
			outputPaths = (
			);
			runOnlyForDeploymentPostprocessing = 0;
			shellPath = /bin/sh;
			shellScript = "\"${SRCROOT}/Pods/Target Support Files/Pods-Realm-Tutorial/Pods-Realm-Tutorial-frameworks.sh\"\n";
			showEnvVarsInLog = 0;
		};
/* End PBXShellScriptBuildPhase section */

/* Begin PBXSourcesBuildPhase section */
		5B7B99D61B8240D000AEE8A8 /* Sources */ = {
			isa = PBXSourcesBuildPhase;
			buildActionMask = 2147483647;
			files = (
				5B7B99E21B8240D000AEE8A8 /* ViewController.swift in Sources */,
				5B7B99E01B8240D000AEE8A8 /* AppDelegate.swift in Sources */,
				5B1B3D981B8248CA009E441D /* AddViewController.swift in Sources */,
				5B1B3D961B82453E009E441D /* ToDoItem.swift in Sources */,
			);
			runOnlyForDeploymentPostprocessing = 0;
		};
		5B7B99EB1B8240D100AEE8A8 /* Sources */ = {
			isa = PBXSourcesBuildPhase;
			buildActionMask = 2147483647;
			files = (
				5B7B99F61B8240D100AEE8A8 /* Realm_TutorialTests.swift in Sources */,
			);
			runOnlyForDeploymentPostprocessing = 0;
		};
/* End PBXSourcesBuildPhase section */

/* Begin PBXTargetDependency section */
		5B7B99F11B8240D100AEE8A8 /* PBXTargetDependency */ = {
			isa = PBXTargetDependency;
			target = 5B7B99D91B8240D000AEE8A8 /* Realm-Tutorial */;
			targetProxy = 5B7B99F01B8240D100AEE8A8 /* PBXContainerItemProxy */;
		};
/* End PBXTargetDependency section */

/* Begin PBXVariantGroup section */
		5B7B99E81B8240D000AEE8A8 /* LaunchScreen.xib */ = {
			isa = PBXVariantGroup;
			children = (
				5B7B99E91B8240D000AEE8A8 /* Base */,
			);
			name = LaunchScreen.xib;
			sourceTree = "<group>";
		};
/* End PBXVariantGroup section */

/* Begin XCBuildConfiguration section */
		5B7B99F71B8240D100AEE8A8 /* Debug */ = {
			isa = XCBuildConfiguration;
			buildSettings = {
				ALWAYS_SEARCH_USER_PATHS = NO;
				CLANG_CXX_LANGUAGE_STANDARD = "gnu++0x";
				CLANG_CXX_LIBRARY = "libc++";
				CLANG_ENABLE_MODULES = YES;
				CLANG_ENABLE_OBJC_ARC = YES;
				CLANG_WARN_BOOL_CONVERSION = YES;
				CLANG_WARN_CONSTANT_CONVERSION = YES;
				CLANG_WARN_DIRECT_OBJC_ISA_USAGE = YES_ERROR;
				CLANG_WARN_EMPTY_BODY = YES;
				CLANG_WARN_ENUM_CONVERSION = YES;
				CLANG_WARN_INT_CONVERSION = YES;
				CLANG_WARN_OBJC_ROOT_CLASS = YES_ERROR;
				CLANG_WARN_UNREACHABLE_CODE = YES;
				CLANG_WARN__DUPLICATE_METHOD_MATCH = YES;
				"CODE_SIGN_IDENTITY[sdk=iphoneos*]" = "iPhone Developer";
				COPY_PHASE_STRIP = NO;
				DEBUG_INFORMATION_FORMAT = "dwarf-with-dsym";
				ENABLE_STRICT_OBJC_MSGSEND = YES;
				GCC_C_LANGUAGE_STANDARD = gnu99;
				GCC_DYNAMIC_NO_PIC = NO;
				GCC_NO_COMMON_BLOCKS = YES;
				GCC_OPTIMIZATION_LEVEL = 0;
				GCC_PREPROCESSOR_DEFINITIONS = (
					"DEBUG=1",
					"$(inherited)",
				);
				GCC_SYMBOLS_PRIVATE_EXTERN = NO;
				GCC_WARN_64_TO_32_BIT_CONVERSION = YES;
				GCC_WARN_ABOUT_RETURN_TYPE = YES_ERROR;
				GCC_WARN_UNDECLARED_SELECTOR = YES;
				GCC_WARN_UNINITIALIZED_AUTOS = YES_AGGRESSIVE;
				GCC_WARN_UNUSED_FUNCTION = YES;
				GCC_WARN_UNUSED_VARIABLE = YES;
				IPHONEOS_DEPLOYMENT_TARGET = 8.4;
				MTL_ENABLE_DEBUG_INFO = YES;
				ONLY_ACTIVE_ARCH = YES;
				SDKROOT = iphoneos;
				SWIFT_OPTIMIZATION_LEVEL = "-Onone";
			};
			name = Debug;
		};
		5B7B99F81B8240D100AEE8A8 /* Release */ = {
			isa = XCBuildConfiguration;
			buildSettings = {
				ALWAYS_SEARCH_USER_PATHS = NO;
				CLANG_CXX_LANGUAGE_STANDARD = "gnu++0x";
				CLANG_CXX_LIBRARY = "libc++";
				CLANG_ENABLE_MODULES = YES;
				CLANG_ENABLE_OBJC_ARC = YES;
				CLANG_WARN_BOOL_CONVERSION = YES;
				CLANG_WARN_CONSTANT_CONVERSION = YES;
				CLANG_WARN_DIRECT_OBJC_ISA_USAGE = YES_ERROR;
				CLANG_WARN_EMPTY_BODY = YES;
				CLANG_WARN_ENUM_CONVERSION = YES;
				CLANG_WARN_INT_CONVERSION = YES;
				CLANG_WARN_OBJC_ROOT_CLASS = YES_ERROR;
				CLANG_WARN_UNREACHABLE_CODE = YES;
				CLANG_WARN__DUPLICATE_METHOD_MATCH = YES;
				"CODE_SIGN_IDENTITY[sdk=iphoneos*]" = "iPhone Developer";
				COPY_PHASE_STRIP = NO;
				DEBUG_INFORMATION_FORMAT = "dwarf-with-dsym";
				ENABLE_NS_ASSERTIONS = NO;
				ENABLE_STRICT_OBJC_MSGSEND = YES;
				GCC_C_LANGUAGE_STANDARD = gnu99;
				GCC_NO_COMMON_BLOCKS = YES;
				GCC_WARN_64_TO_32_BIT_CONVERSION = YES;
				GCC_WARN_ABOUT_RETURN_TYPE = YES_ERROR;
				GCC_WARN_UNDECLARED_SELECTOR = YES;
				GCC_WARN_UNINITIALIZED_AUTOS = YES_AGGRESSIVE;
				GCC_WARN_UNUSED_FUNCTION = YES;
				GCC_WARN_UNUSED_VARIABLE = YES;
				IPHONEOS_DEPLOYMENT_TARGET = 8.4;
				MTL_ENABLE_DEBUG_INFO = NO;
				SDKROOT = iphoneos;
				VALIDATE_PRODUCT = YES;
			};
			name = Release;
		};
		5B7B99FA1B8240D100AEE8A8 /* Debug */ = {
			isa = XCBuildConfiguration;
			baseConfigurationReference = 42A39D1AC3DFA54C0AB4EAB3 /* Pods-Realm-Tutorial.debug.xcconfig */;
			buildSettings = {
				ASSETCATALOG_COMPILER_APPICON_NAME = AppIcon;
				INFOPLIST_FILE = "Realm-Tutorial/Info.plist";
				LD_RUNPATH_SEARCH_PATHS = "$(inherited) @executable_path/Frameworks";
				PRODUCT_NAME = "$(TARGET_NAME)";
			};
			name = Debug;
		};
		5B7B99FB1B8240D100AEE8A8 /* Release */ = {
			isa = XCBuildConfiguration;
			baseConfigurationReference = CD795D91916DE73E963D0EDC /* Pods-Realm-Tutorial.release.xcconfig */;
			buildSettings = {
				ASSETCATALOG_COMPILER_APPICON_NAME = AppIcon;
				INFOPLIST_FILE = "Realm-Tutorial/Info.plist";
				LD_RUNPATH_SEARCH_PATHS = "$(inherited) @executable_path/Frameworks";
				PRODUCT_NAME = "$(TARGET_NAME)";
			};
			name = Release;
		};
		5B7B99FD1B8240D100AEE8A8 /* Debug */ = {
			isa = XCBuildConfiguration;
			buildSettings = {
				BUNDLE_LOADER = "$(TEST_HOST)";
				FRAMEWORK_SEARCH_PATHS = (
					"$(SDKROOT)/Developer/Library/Frameworks",
					"$(inherited)",
				);
				GCC_PREPROCESSOR_DEFINITIONS = (
					"DEBUG=1",
					"$(inherited)",
				);
				INFOPLIST_FILE = "Realm-TutorialTests/Info.plist";
				LD_RUNPATH_SEARCH_PATHS = "$(inherited) @executable_path/Frameworks @loader_path/Frameworks";
				PRODUCT_NAME = "$(TARGET_NAME)";
				TEST_HOST = "$(BUILT_PRODUCTS_DIR)/Realm-Tutorial.app/Realm-Tutorial";
			};
			name = Debug;
		};
		5B7B99FE1B8240D100AEE8A8 /* Release */ = {
			isa = XCBuildConfiguration;
			buildSettings = {
				BUNDLE_LOADER = "$(TEST_HOST)";
				FRAMEWORK_SEARCH_PATHS = (
					"$(SDKROOT)/Developer/Library/Frameworks",
					"$(inherited)",
				);
				INFOPLIST_FILE = "Realm-TutorialTests/Info.plist";
				LD_RUNPATH_SEARCH_PATHS = "$(inherited) @executable_path/Frameworks @loader_path/Frameworks";
				PRODUCT_NAME = "$(TARGET_NAME)";
				TEST_HOST = "$(BUILT_PRODUCTS_DIR)/Realm-Tutorial.app/Realm-Tutorial";
			};
			name = Release;
		};
/* End XCBuildConfiguration section */

/* Begin XCConfigurationList section */
		5B7B99D51B8240D000AEE8A8 /* Build configuration list for PBXProject "Realm-Tutorial" */ = {
			isa = XCConfigurationList;
			buildConfigurations = (
				5B7B99F71B8240D100AEE8A8 /* Debug */,
				5B7B99F81B8240D100AEE8A8 /* Release */,
			);
			defaultConfigurationIsVisible = 0;
			defaultConfigurationName = Release;
		};
		5B7B99F91B8240D100AEE8A8 /* Build configuration list for PBXNativeTarget "Realm-Tutorial" */ = {
			isa = XCConfigurationList;
			buildConfigurations = (
				5B7B99FA1B8240D100AEE8A8 /* Debug */,
				5B7B99FB1B8240D100AEE8A8 /* Release */,
			);
			defaultConfigurationIsVisible = 0;
			defaultConfigurationName = Release;
		};
		5B7B99FC1B8240D100AEE8A8 /* Build configuration list for PBXNativeTarget "Realm-TutorialTests" */ = {
			isa = XCConfigurationList;
			buildConfigurations = (
				5B7B99FD1B8240D100AEE8A8 /* Debug */,
				5B7B99FE1B8240D100AEE8A8 /* Release */,
			);
			defaultConfigurationIsVisible = 0;
			defaultConfigurationName = Release;
		};
/* End XCConfigurationList section */
	};
	rootObject = 5B7B99D21B8240D000AEE8A8 /* Project object */;
}
